
Microsoft Visual Studio Solution File, Format Version 12.00
# Visual Studio Version 17
VisualStudioVersion = 17.1.32414.318
MinimumVisualStudioVersion = 10.0.40219.1
Project("{FAE04EC0-301F-11D3-BF4B-00C04F79EFBC}") = "ApiTasksMinimal", "ApiTasksMinimal\ApiTasksMinimal.csproj", "{CFE9CAB6-8F71-4A5D-A539-DDFF2390E476}"
EndProject
Global
	GlobalSection(SolutionConfigurationPlatforms) = preSolution
		Debug|Any CPU = Debug|Any CPU
		Release|Any CPU = Release|Any CPU
	EndGlobalSection
	GlobalSection(ProjectConfigurationPlatforms) = postSolution
		{CFE9CAB6-8F71-4A5D-A539-DDFF2390E476}.Debug|Any CPU.ActiveCfg = Debug|Any CPU
		{CFE9CAB6-8F71-4A5D-A539-DDFF2390E476}.Debug|Any CPU.Build.0 = Debug|Any CPU
		{CFE9CAB6-8F71-4A5D-A539-DDFF2390E476}.Release|Any CPU.ActiveCfg = Release|Any CPU
		{CFE9CAB6-8F71-4A5D-A539-DDFF2390E476}.Release|Any CPU.Build.0 = Release|Any CPU
	EndGlobalSection
	GlobalSection(SolutionProperties) = preSolution
		HideSolutionNode = FALSE
	EndGlobalSection
	GlobalSection(ExtensibilityGlobals) = postSolution
		SolutionGuid = {762032E7-7AA9-45FE-8D03-4FD89ED5CD5A}
	EndGlobalSection
EndGlobal
